// !$*UTF8*$!
{
	archiveVersion = 1;
	classes = {
	};
	objectVersion = 50;
	objects = {

/* Begin PBXBuildFile section */
		DC2C4B31213697DD00E27FB3 /* Day4_ClassVSInstance.cpp in Sources */ = {isa = PBXBuildFile; fileRef = DC2C4B30213697DD00E27FB3 /* Day4_ClassVSInstance.cpp */; };
/* End PBXBuildFile section */

/* Begin PBXCopyFilesBuildPhase section */
		DC2C4AE2212D2C7800E27FB3 /* CopyFiles */ = {
			isa = PBXCopyFilesBuildPhase;
			buildActionMask = 2147483647;
			dstPath = /usr/share/man/man1/;
			dstSubfolderSpec = 0;
			files = (
			);
			runOnlyForDeploymentPostprocessing = 1;
		};
/* End PBXCopyFilesBuildPhase section */

/* Begin PBXFileReference section */
		AC2212E22130368E00F735D5 /* L3_TimeComplexity3.cpp */ = {isa = PBXFileReference; lastKnownFileType = sourcecode.cpp.cpp; path = L3_TimeComplexity3.cpp; sourceTree = "<group>"; };
		AC2212E42130EE8000F735D5 /* L4_PermCheck.cpp */ = {isa = PBXFileReference; lastKnownFileType = sourcecode.cpp.cpp; path = L4_PermCheck.cpp; sourceTree = "<group>"; };
		AC2212E92130F6BF00F735D5 /* L4_FrogRiverOne.cpp */ = {isa = PBXFileReference; lastKnownFileType = sourcecode.cpp.cpp; path = L4_FrogRiverOne.cpp; sourceTree = "<group>"; };
		AC2212EC2131420100F735D5 /* Test_11441.cpp */ = {isa = PBXFileReference; lastKnownFileType = sourcecode.cpp.cpp; path = Test_11441.cpp; sourceTree = "<group>"; };
		AC2212EE213146A900F735D5 /* L5_PassingCars.cpp */ = {isa = PBXFileReference; lastKnownFileType = sourcecode.cpp.cpp; path = L5_PassingCars.cpp; sourceTree = "<group>"; };
		AC2212F021315CF600F735D5 /* L6_Distinct.cpp */ = {isa = PBXFileReference; lastKnownFileType = sourcecode.cpp.cpp; path = L6_Distinct.cpp; sourceTree = "<group>"; };
		AC2212F221315E5700F735D5 /* L6_MaxProductOfThree.cpp */ = {isa = PBXFileReference; lastKnownFileType = sourcecode.cpp.cpp; path = L6_MaxProductOfThree.cpp; sourceTree = "<group>"; };
		AC2212F4213167E100F735D5 /* L6_Triangle.cpp */ = {isa = PBXFileReference; lastKnownFileType = sourcecode.cpp.cpp; path = L6_Triangle.cpp; sourceTree = "<group>"; };
		AC2212F6213173B400F735D5 /* L7_Brackets.cpp */ = {isa = PBXFileReference; lastKnownFileType = sourcecode.cpp.cpp; path = L7_Brackets.cpp; sourceTree = "<group>"; };
		AC2212F92131BE5000F735D5 /* L8_Dominator.cpp */ = {isa = PBXFileReference; lastKnownFileType = sourcecode.cpp.cpp; path = L8_Dominator.cpp; sourceTree = "<group>"; };
		AC2212FB2131C55F00F735D5 /* L8_EquiLeader.cpp */ = {isa = PBXFileReference; lastKnownFileType = sourcecode.cpp.cpp; path = L8_EquiLeader.cpp; sourceTree = "<group>"; };
		AC2212FD21324C7A00F735D5 /* L9_MaxProfit .cpp */ = {isa = PBXFileReference; lastKnownFileType = sourcecode.cpp.cpp; path = "L9_MaxProfit .cpp"; sourceTree = "<group>"; };
		AC245A5821327538007EFDE8 /* L9_MaxSliceSum.cpp */ = {isa = PBXFileReference; lastKnownFileType = sourcecode.cpp.cpp; path = L9_MaxSliceSum.cpp; sourceTree = "<group>"; };
		AC6B13EA212FB8EA00D9E3A4 /* Test_2750.cpp */ = {isa = PBXFileReference; fileEncoding = 4; lastKnownFileType = sourcecode.cpp.cpp; path = Test_2750.cpp; sourceTree = "<group>"; };
		AC6B13EE213003FB00D9E3A4 /* L2_Arrays2.cpp */ = {isa = PBXFileReference; lastKnownFileType = sourcecode.cpp.cpp; path = L2_Arrays2.cpp; sourceTree = "<group>"; };
		AC6B13F22130203600D9E3A4 /* L3_TimeComplexity.cpp */ = {isa = PBXFileReference; lastKnownFileType = sourcecode.cpp.cpp; path = L3_TimeComplexity.cpp; sourceTree = "<group>"; };
		AC6B13F42130242C00D9E3A4 /* L3_TimeComplexity2.cpp */ = {isa = PBXFileReference; lastKnownFileType = sourcecode.cpp.cpp; path = L3_TimeComplexity2.cpp; sourceTree = "<group>"; };
		AC900C9C2132AD2500ACAA63 /* CodingTest_01.cpp */ = {isa = PBXFileReference; lastKnownFileType = sourcecode.cpp.cpp; path = CodingTest_01.cpp; sourceTree = "<group>"; };
		AC900C9E2132AD2D00ACAA63 /* CodingTest_02.cpp */ = {isa = PBXFileReference; lastKnownFileType = sourcecode.cpp.cpp; path = CodingTest_02.cpp; sourceTree = "<group>"; };
		AC900CA12132AD4400ACAA63 /* CodingTest_03.cpp */ = {isa = PBXFileReference; lastKnownFileType = sourcecode.cpp.cpp; path = CodingTest_03.cpp; sourceTree = "<group>"; };
		AC900CA521357D7B00ACAA63 /* L10_CountFactors.cpp */ = {isa = PBXFileReference; lastKnownFileType = sourcecode.cpp.cpp; path = L10_CountFactors.cpp; sourceTree = "<group>"; };
		AC900CA621357D7B00ACAA63 /* L10_MinPerimeterRectangle.cpp */ = {isa = PBXFileReference; lastKnownFileType = sourcecode.cpp.cpp; path = L10_MinPerimeterRectangle.cpp; sourceTree = "<group>"; };
		AC900CA721357D7B00ACAA63 /* L11_CountNonDivisible.cpp */ = {isa = PBXFileReference; lastKnownFileType = sourcecode.cpp.cpp; path = L11_CountNonDivisible.cpp; sourceTree = "<group>"; };
		DC2C4AE4212D2C7800E27FB3 /* Algorithm */ = {isa = PBXFileReference; explicitFileType = "compiled.mach-o.executable"; includeInIndex = 0; path = Algorithm; sourceTree = BUILT_PRODUCTS_DIR; };
		DC2C4AEE212D43F900E27FB3 /* L1_iterations.cpp */ = {isa = PBXFileReference; lastKnownFileType = sourcecode.cpp.cpp; path = L1_iterations.cpp; sourceTree = "<group>"; };
		DC2C4AF4212E62A300E27FB3 /* L2_Arrays.cpp */ = {isa = PBXFileReference; lastKnownFileType = sourcecode.cpp.cpp; path = L2_Arrays.cpp; sourceTree = "<group>"; };
		DC2C4B2B2136904E00E27FB3 /* Day2_Operators.cpp */ = {isa = PBXFileReference; lastKnownFileType = sourcecode.cpp.cpp; path = Day2_Operators.cpp; sourceTree = "<group>"; };
		DC2C4B2D2136933800E27FB3 /* Day3_IntrotoConditionalStatements.cpp */ = {isa = PBXFileReference; lastKnownFileType = sourcecode.cpp.cpp; path = Day3_IntrotoConditionalStatements.cpp; sourceTree = "<group>"; };
		DC2C4B30213697DD00E27FB3 /* Day4_ClassVSInstance.cpp */ = {isa = PBXFileReference; lastKnownFileType = sourcecode.cpp.cpp; path = Day4_ClassVSInstance.cpp; sourceTree = "<group>"; };
/* End PBXFileReference section */

/* Begin PBXFrameworksBuildPhase section */
		DC2C4AE1212D2C7800E27FB3 /* Frameworks */ = {
			isa = PBXFrameworksBuildPhase;
			buildActionMask = 2147483647;
			files = (
			);
			runOnlyForDeploymentPostprocessing = 0;
		};
/* End PBXFrameworksBuildPhase section */

/* Begin PBXGroup section */
		AC6B13E9212FB8EA00D9E3A4 /* Algorithm_beakjun */ = {
			isa = PBXGroup;
			children = (
				AC6B13EA212FB8EA00D9E3A4 /* Test_2750.cpp */,
				AC2212EC2131420100F735D5 /* Test_11441.cpp */,
			);
			path = Algorithm_beakjun;
			sourceTree = "<group>";
		};
		AC900CA421357D4C00ACAA63 /* Codility_CodingTest_N */ = {
			isa = PBXGroup;
			children = (
				AC900C9C2132AD2500ACAA63 /* CodingTest_01.cpp */,
				AC900C9E2132AD2D00ACAA63 /* CodingTest_02.cpp */,
				AC900CA12132AD4400ACAA63 /* CodingTest_03.cpp */,
			);
			path = Codility_CodingTest_N;
			sourceTree = "<group>";
		};
		DC2C4ADB212D2C7800E27FB3 = {
			isa = PBXGroup;
			children = (
				DC2C4B2A21368FF600E27FB3 /* Algorithm_Hackerrank */,
				AC900CA421357D4C00ACAA63 /* Codility_CodingTest_N */,
				AC6B13E9212FB8EA00D9E3A4 /* Algorithm_beakjun */,
				DC2C4AE6212D2C7800E27FB3 /* Algorithm_Codility */,
				DC2C4AE5212D2C7800E27FB3 /* Products */,
			);
			sourceTree = "<group>";
		};
		DC2C4AE5212D2C7800E27FB3 /* Products */ = {
			isa = PBXGroup;
			children = (
				DC2C4AE4212D2C7800E27FB3 /* Algorithm */,
			);
			name = Products;
			sourceTree = "<group>";
		};
		DC2C4AE6212D2C7800E27FB3 /* Algorithm_Codility */ = {
			isa = PBXGroup;
			children = (
				DC2C4AEE212D43F900E27FB3 /* L1_iterations.cpp */,
				DC2C4AF4212E62A300E27FB3 /* L2_Arrays.cpp */,
				AC6B13EE213003FB00D9E3A4 /* L2_Arrays2.cpp */,
				AC6B13F22130203600D9E3A4 /* L3_TimeComplexity.cpp */,
				AC6B13F42130242C00D9E3A4 /* L3_TimeComplexity2.cpp */,
				AC2212E22130368E00F735D5 /* L3_TimeComplexity3.cpp */,
				AC2212E42130EE8000F735D5 /* L4_PermCheck.cpp */,
				AC2212E92130F6BF00F735D5 /* L4_FrogRiverOne.cpp */,
				AC2212EE213146A900F735D5 /* L5_PassingCars.cpp */,
				AC2212F021315CF600F735D5 /* L6_Distinct.cpp */,
				AC2212F221315E5700F735D5 /* L6_MaxProductOfThree.cpp */,
				AC2212F4213167E100F735D5 /* L6_Triangle.cpp */,
				AC2212F6213173B400F735D5 /* L7_Brackets.cpp */,
				AC2212F92131BE5000F735D5 /* L8_Dominator.cpp */,
				AC2212FB2131C55F00F735D5 /* L8_EquiLeader.cpp */,
				AC2212FD21324C7A00F735D5 /* L9_MaxProfit .cpp */,
				AC245A5821327538007EFDE8 /* L9_MaxSliceSum.cpp */,
				AC900CA521357D7B00ACAA63 /* L10_CountFactors.cpp */,
				AC900CA621357D7B00ACAA63 /* L10_MinPerimeterRectangle.cpp */,
				AC900CA721357D7B00ACAA63 /* L11_CountNonDivisible.cpp */,
			);
			path = Algorithm_Codility;
			sourceTree = "<group>";
		};
		DC2C4B2A21368FF600E27FB3 /* Algorithm_Hackerrank */ = {
			isa = PBXGroup;
			children = (
				DC2C4B2B2136904E00E27FB3 /* Day2_Operators.cpp */,
				DC2C4B2D2136933800E27FB3 /* Day3_IntrotoConditionalStatements.cpp */,
				DC2C4B30213697DD00E27FB3 /* Day4_ClassVSInstance.cpp */,
			);
			path = Algorithm_Hackerrank;
			sourceTree = "<group>";
		};
/* End PBXGroup section */

/* Begin PBXNativeTarget section */
		DC2C4AE3212D2C7800E27FB3 /* Algorithm */ = {
			isa = PBXNativeTarget;
			buildConfigurationList = DC2C4AEB212D2C7800E27FB3 /* Build configuration list for PBXNativeTarget "Algorithm" */;
			buildPhases = (
				DC2C4AE0212D2C7800E27FB3 /* Sources */,
				DC2C4AE1212D2C7800E27FB3 /* Frameworks */,
				DC2C4AE2212D2C7800E27FB3 /* CopyFiles */,
			);
			buildRules = (
			);
			dependencies = (
			);
			name = Algorithm;
			productName = Algorithm;
			productReference = DC2C4AE4212D2C7800E27FB3 /* Algorithm */;
			productType = "com.apple.product-type.tool";
		};
/* End PBXNativeTarget section */

/* Begin PBXProject section */
		DC2C4ADC212D2C7800E27FB3 /* Project object */ = {
			isa = PBXProject;
			attributes = {
				LastSwiftUpdateCheck = 0940;
				LastUpgradeCheck = 0940;
				ORGANIZATIONNAME = hyunable;
				TargetAttributes = {
					DC2C4AE3212D2C7800E27FB3 = {
						CreatedOnToolsVersion = 9.4;
						LastSwiftMigration = 0940;
					};
				};
			};
			buildConfigurationList = DC2C4ADF212D2C7800E27FB3 /* Build configuration list for PBXProject "Algorithm" */;
			compatibilityVersion = "Xcode 9.3";
			developmentRegion = en;
			hasScannedForEncodings = 0;
			knownRegions = (
				en,
			);
			mainGroup = DC2C4ADB212D2C7800E27FB3;
			productRefGroup = DC2C4AE5212D2C7800E27FB3 /* Products */;
			projectDirPath = "";
			projectRoot = "";
			targets = (
				DC2C4AE3212D2C7800E27FB3 /* Algorithm */,
			);
		};
/* End PBXProject section */

/* Begin PBXSourcesBuildPhase section */
		DC2C4AE0212D2C7800E27FB3 /* Sources */ = {
			isa = PBXSourcesBuildPhase;
			buildActionMask = 2147483647;
			files = (
				DC2C4B31213697DD00E27FB3 /* Day4_ClassVSInstance.cpp in Sources */,
			);
			runOnlyForDeploymentPostprocessing = 0;
		};
/* End PBXSourcesBuildPhase section */

/* Begin XCBuildConfiguration section */
		DC2C4AE9212D2C7800E27FB3 /* Debug */ = {
			isa = XCBuildConfiguration;
			buildSettings = {
				ALWAYS_SEARCH_USER_PATHS = NO;
				CLANG_ANALYZER_NONNULL = YES;
				CLANG_ANALYZER_NUMBER_OBJECT_CONVERSION = YES_AGGRESSIVE;
				CLANG_CXX_LANGUAGE_STANDARD = "gnu++14";
				CLANG_CXX_LIBRARY = "libc++";
				CLANG_ENABLE_MODULES = YES;
				CLANG_ENABLE_OBJC_ARC = YES;
				CLANG_ENABLE_OBJC_WEAK = YES;
				CLANG_WARN_BLOCK_CAPTURE_AUTORELEASING = YES;
				CLANG_WARN_BOOL_CONVERSION = YES;
				CLANG_WARN_COMMA = YES;
				CLANG_WARN_CONSTANT_CONVERSION = YES;
				CLANG_WARN_DEPRECATED_OBJC_IMPLEMENTATIONS = YES;
				CLANG_WARN_DIRECT_OBJC_ISA_USAGE = YES_ERROR;
				CLANG_WARN_DOCUMENTATION_COMMENTS = YES;
				CLANG_WARN_EMPTY_BODY = YES;
				CLANG_WARN_ENUM_CONVERSION = YES;
				CLANG_WARN_INFINITE_RECURSION = YES;
				CLANG_WARN_INT_CONVERSION = YES;
				CLANG_WARN_NON_LITERAL_NULL_CONVERSION = YES;
				CLANG_WARN_OBJC_IMPLICIT_RETAIN_SELF = YES;
				CLANG_WARN_OBJC_LITERAL_CONVERSION = YES;
				CLANG_WARN_OBJC_ROOT_CLASS = YES_ERROR;
				CLANG_WARN_RANGE_LOOP_ANALYSIS = YES;
				CLANG_WARN_STRICT_PROTOTYPES = YES;
				CLANG_WARN_SUSPICIOUS_MOVE = YES;
				CLANG_WARN_UNGUARDED_AVAILABILITY = YES_AGGRESSIVE;
				CLANG_WARN_UNREACHABLE_CODE = YES;
				CLANG_WARN__DUPLICATE_METHOD_MATCH = YES;
				CODE_SIGN_IDENTITY = "Mac Developer";
				COPY_PHASE_STRIP = NO;
				DEBUG_INFORMATION_FORMAT = dwarf;
				ENABLE_STRICT_OBJC_MSGSEND = YES;
				ENABLE_TESTABILITY = YES;
				GCC_C_LANGUAGE_STANDARD = gnu11;
				GCC_DYNAMIC_NO_PIC = NO;
				GCC_NO_COMMON_BLOCKS = YES;
				GCC_OPTIMIZATION_LEVEL = 0;
				GCC_PREPROCESSOR_DEFINITIONS = (
					"DEBUG=1",
					"$(inherited)",
				);
				GCC_WARN_64_TO_32_BIT_CONVERSION = YES;
				GCC_WARN_ABOUT_RETURN_TYPE = YES_ERROR;
				GCC_WARN_UNDECLARED_SELECTOR = YES;
				GCC_WARN_UNINITIALIZED_AUTOS = YES_AGGRESSIVE;
				GCC_WARN_UNUSED_FUNCTION = YES;
				GCC_WARN_UNUSED_VARIABLE = YES;
				MACOSX_DEPLOYMENT_TARGET = 10.13;
				MTL_ENABLE_DEBUG_INFO = YES;
				ONLY_ACTIVE_ARCH = YES;
				SDKROOT = macosx;
				SWIFT_ACTIVE_COMPILATION_CONDITIONS = DEBUG;
				SWIFT_OPTIMIZATION_LEVEL = "-Onone";
			};
			name = Debug;
		};
		DC2C4AEA212D2C7800E27FB3 /* Release */ = {
			isa = XCBuildConfiguration;
			buildSettings = {
				ALWAYS_SEARCH_USER_PATHS = NO;
				CLANG_ANALYZER_NONNULL = YES;
				CLANG_ANALYZER_NUMBER_OBJECT_CONVERSION = YES_AGGRESSIVE;
				CLANG_CXX_LANGUAGE_STANDARD = "gnu++14";
				CLANG_CXX_LIBRARY = "libc++";
				CLANG_ENABLE_MODULES = YES;
				CLANG_ENABLE_OBJC_ARC = YES;
				CLANG_ENABLE_OBJC_WEAK = YES;
				CLANG_WARN_BLOCK_CAPTURE_AUTORELEASING = YES;
				CLANG_WARN_BOOL_CONVERSION = YES;
				CLANG_WARN_COMMA = YES;
				CLANG_WARN_CONSTANT_CONVERSION = YES;
				CLANG_WARN_DEPRECATED_OBJC_IMPLEMENTATIONS = YES;
				CLANG_WARN_DIRECT_OBJC_ISA_USAGE = YES_ERROR;
				CLANG_WARN_DOCUMENTATION_COMMENTS = YES;
				CLANG_WARN_EMPTY_BODY = YES;
				CLANG_WARN_ENUM_CONVERSION = YES;
				CLANG_WARN_INFINITE_RECURSION = YES;
				CLANG_WARN_INT_CONVERSION = YES;
				CLANG_WARN_NON_LITERAL_NULL_CONVERSION = YES;
				CLANG_WARN_OBJC_IMPLICIT_RETAIN_SELF = YES;
				CLANG_WARN_OBJC_LITERAL_CONVERSION = YES;
				CLANG_WARN_OBJC_ROOT_CLASS = YES_ERROR;
				CLANG_WARN_RANGE_LOOP_ANALYSIS = YES;
				CLANG_WARN_STRICT_PROTOTYPES = YES;
				CLANG_WARN_SUSPICIOUS_MOVE = YES;
				CLANG_WARN_UNGUARDED_AVAILABILITY = YES_AGGRESSIVE;
				CLANG_WARN_UNREACHABLE_CODE = YES;
				CLANG_WARN__DUPLICATE_METHOD_MATCH = YES;
				CODE_SIGN_IDENTITY = "Mac Developer";
				COPY_PHASE_STRIP = NO;
				DEBUG_INFORMATION_FORMAT = "dwarf-with-dsym";
				ENABLE_NS_ASSERTIONS = NO;
				ENABLE_STRICT_OBJC_MSGSEND = YES;
				GCC_C_LANGUAGE_STANDARD = gnu11;
				GCC_NO_COMMON_BLOCKS = YES;
				GCC_WARN_64_TO_32_BIT_CONVERSION = YES;
				GCC_WARN_ABOUT_RETURN_TYPE = YES_ERROR;
				GCC_WARN_UNDECLARED_SELECTOR = YES;
				GCC_WARN_UNINITIALIZED_AUTOS = YES_AGGRESSIVE;
				GCC_WARN_UNUSED_FUNCTION = YES;
				GCC_WARN_UNUSED_VARIABLE = YES;
				MACOSX_DEPLOYMENT_TARGET = 10.13;
				MTL_ENABLE_DEBUG_INFO = NO;
				SDKROOT = macosx;
				SWIFT_COMPILATION_MODE = wholemodule;
				SWIFT_OPTIMIZATION_LEVEL = "-O";
			};
			name = Release;
		};
		DC2C4AEC212D2C7800E27FB3 /* Debug */ = {
			isa = XCBuildConfiguration;
			buildSettings = {
				CLANG_ENABLE_MODULES = YES;
				CODE_SIGN_STYLE = Automatic;
				DEVELOPMENT_TEAM = T65BQC9535;
				LD_RUNPATH_SEARCH_PATHS = (
					"$(inherited)",
					"@executable_path/../Frameworks",
					"@loader_path/../Frameworks",
				);
				PRODUCT_NAME = "$(TARGET_NAME)";
				SWIFT_OPTIMIZATION_LEVEL = "-Onone";
				SWIFT_VERSION = 4.0;
			};
			name = Debug;
		};
		DC2C4AED212D2C7800E27FB3 /* Release */ = {
			isa = XCBuildConfiguration;
			buildSettings = {
				CLANG_ENABLE_MODULES = YES;
				CODE_SIGN_STYLE = Automatic;
				DEVELOPMENT_TEAM = T65BQC9535;
				LD_RUNPATH_SEARCH_PATHS = (
					"$(inherited)",
					"@executable_path/../Frameworks",
					"@loader_path/../Frameworks",
				);
				PRODUCT_NAME = "$(TARGET_NAME)";
				SWIFT_VERSION = 4.0;
			};
			name = Release;
		};
/* End XCBuildConfiguration section */

/* Begin XCConfigurationList section */
		DC2C4ADF212D2C7800E27FB3 /* Build configuration list for PBXProject "Algorithm" */ = {
			isa = XCConfigurationList;
			buildConfigurations = (
				DC2C4AE9212D2C7800E27FB3 /* Debug */,
				DC2C4AEA212D2C7800E27FB3 /* Release */,
			);
			defaultConfigurationIsVisible = 0;
			defaultConfigurationName = Release;
		};
		DC2C4AEB212D2C7800E27FB3 /* Build configuration list for PBXNativeTarget "Algorithm" */ = {
			isa = XCConfigurationList;
			buildConfigurations = (
				DC2C4AEC212D2C7800E27FB3 /* Debug */,
				DC2C4AED212D2C7800E27FB3 /* Release */,
			);
			defaultConfigurationIsVisible = 0;
			defaultConfigurationName = Release;
		};
/* End XCConfigurationList section */
	};
	rootObject = DC2C4ADC212D2C7800E27FB3 /* Project object */;
}
